
Microsoft Visual Studio Solution File, Format Version 12.00
# Visual Studio Version 17
VisualStudioVersion = 17.14.36221.1
MinimumVisualStudioVersion = 10.0.40219.1
Project("{FAE04EC0-301F-11D3-BF4B-00C04F79EFBC}") = "Easy.Tools.GoogleCalendarEvents", "Easy.Tools.GoogleCalendarEvents.csproj", "{B3B6630B-29BE-4320-9D27-0407D4FB359F}"
EndProject
Global
	GlobalSection(SolutionConfigurationPlatforms) = preSolution
		Debug|Any CPU = Debug|Any CPU
		Release|Any CPU = Release|Any CPU
	EndGlobalSection
	GlobalSection(ProjectConfigurationPlatforms) = postSolution
		{B3B6630B-29BE-4320-9D27-0407D4FB359F}.Debug|Any CPU.ActiveCfg = Debug|Any CPU
		{B3B6630B-29BE-4320-9D27-0407D4FB359F}.Debug|Any CPU.Build.0 = Debug|Any CPU
		{B3B6630B-29BE-4320-9D27-0407D4FB359F}.Release|Any CPU.ActiveCfg = Release|Any CPU
		{B3B6630B-29BE-4320-9D27-0407D4FB359F}.Release|Any CPU.Build.0 = Release|Any CPU
		{501609A0-120A-4069-9662-385E4590569D}.Debug|Any CPU.ActiveCfg = Debug|Any CPU
		{501609A0-120A-4069-9662-385E4590569D}.Debug|Any CPU.Build.0 = Debug|Any CPU
		{501609A0-120A-4069-9662-385E4590569D}.Release|Any CPU.ActiveCfg = Release|Any CPU
		{501609A0-120A-4069-9662-385E4590569D}.Release|Any CPU.Build.0 = Release|Any CPU
	EndGlobalSection
	GlobalSection(SolutionProperties) = preSolution
		HideSolutionNode = FALSE
	EndGlobalSection
	GlobalSection(ExtensibilityGlobals) = postSolution
		SolutionGuid = {10EFAF1D-F4D2-4056-8D67-4BFDE59AD116}
	EndGlobalSection
EndGlobal
